// !$*UTF8*$!
{
	archiveVersion = 1;
	classes = {
	};
	objectVersion = 55;
	objects = {

/* Begin PBXBuildFile section */
		899CEDB928C0C232009B5394 /* KPhotoShareAppApp.swift in Sources */ = {isa = PBXBuildFile; fileRef = 899CEDB828C0C232009B5394 /* KPhotoShareAppApp.swift */; };
		899CEDBB28C0C232009B5394 /* ContentView.swift in Sources */ = {isa = PBXBuildFile; fileRef = 899CEDBA28C0C232009B5394 /* ContentView.swift */; };
		899CEDBD28C0C235009B5394 /* Assets.xcassets in Resources */ = {isa = PBXBuildFile; fileRef = 899CEDBC28C0C235009B5394 /* Assets.xcassets */; };
		899CEDC028C0C235009B5394 /* Preview Assets.xcassets in Resources */ = {isa = PBXBuildFile; fileRef = 899CEDBF28C0C235009B5394 /* Preview Assets.xcassets */; };
		899CEDCC28C0C3EE009B5394 /* HomeView.swift in Sources */ = {isa = PBXBuildFile; fileRef = 899CEDCB28C0C3EE009B5394 /* HomeView.swift */; };
		899CEDCF28C0C520009B5394 /* PostGridView.swift in Sources */ = {isa = PBXBuildFile; fileRef = 899CEDCE28C0C520009B5394 /* PostGridView.swift */; };
		899CEDD128C0C5C5009B5394 /* PostModel.swift in Sources */ = {isa = PBXBuildFile; fileRef = 899CEDD028C0C5C5009B5394 /* PostModel.swift */; };
		899CEDD428C0C602009B5394 /* PreviewProvider.swift in Sources */ = {isa = PBXBuildFile; fileRef = 899CEDD328C0C602009B5394 /* PreviewProvider.swift */; };
		899CEDD728C0C636009B5394 /* HomeViewModel.swift in Sources */ = {isa = PBXBuildFile; fileRef = 899CEDD628C0C636009B5394 /* HomeViewModel.swift */; };
		899CEDDA28C0C7D8009B5394 /* PostDataService.swift in Sources */ = {isa = PBXBuildFile; fileRef = 899CEDD928C0C7D8009B5394 /* PostDataService.swift */; };
		899CEDE128C0CB05009B5394 /* NetworkingManager.swift in Sources */ = {isa = PBXBuildFile; fileRef = 899CEDE028C0CB05009B5394 /* NetworkingManager.swift */; };
		899CEDE628C0CC9A009B5394 /* ImageView.swift in Sources */ = {isa = PBXBuildFile; fileRef = 899CEDE528C0CC9A009B5394 /* ImageView.swift */; };
		899CEDE828C0CCBC009B5394 /* ImageViewModel.swift in Sources */ = {isa = PBXBuildFile; fileRef = 899CEDE728C0CCBC009B5394 /* ImageViewModel.swift */; };
		899CEDEA28C0CCDE009B5394 /* ImageService.swift in Sources */ = {isa = PBXBuildFile; fileRef = 899CEDE928C0CCDE009B5394 /* ImageService.swift */; };
		899CEDEC28C0CF26009B5394 /* LocalFileManager.swift in Sources */ = {isa = PBXBuildFile; fileRef = 899CEDEB28C0CF26009B5394 /* LocalFileManager.swift */; };
		899CEDF128C0D637009B5394 /* DetailViewModel.swift in Sources */ = {isa = PBXBuildFile; fileRef = 899CEDF028C0D637009B5394 /* DetailViewModel.swift */; };
		899CEDF328C0D646009B5394 /* DetailView.swift in Sources */ = {isa = PBXBuildFile; fileRef = 899CEDF228C0D646009B5394 /* DetailView.swift */; };
/* End PBXBuildFile section */

/* Begin PBXFileReference section */
		899CEDB528C0C232009B5394 /* KPhotoShareApp.app */ = {isa = PBXFileReference; explicitFileType = wrapper.application; includeInIndex = 0; path = KPhotoShareApp.app; sourceTree = BUILT_PRODUCTS_DIR; };
		899CEDB828C0C232009B5394 /* KPhotoShareAppApp.swift */ = {isa = PBXFileReference; lastKnownFileType = sourcecode.swift; path = KPhotoShareAppApp.swift; sourceTree = "<group>"; };
		899CEDBA28C0C232009B5394 /* ContentView.swift */ = {isa = PBXFileReference; lastKnownFileType = sourcecode.swift; path = ContentView.swift; sourceTree = "<group>"; };
		899CEDBC28C0C235009B5394 /* Assets.xcassets */ = {isa = PBXFileReference; lastKnownFileType = folder.assetcatalog; path = Assets.xcassets; sourceTree = "<group>"; };
		899CEDBF28C0C235009B5394 /* Preview Assets.xcassets */ = {isa = PBXFileReference; lastKnownFileType = folder.assetcatalog; path = "Preview Assets.xcassets"; sourceTree = "<group>"; };
		899CEDCB28C0C3EE009B5394 /* HomeView.swift */ = {isa = PBXFileReference; lastKnownFileType = sourcecode.swift; path = HomeView.swift; sourceTree = "<group>"; };
		899CEDCE28C0C520009B5394 /* PostGridView.swift */ = {isa = PBXFileReference; lastKnownFileType = sourcecode.swift; path = PostGridView.swift; sourceTree = "<group>"; };
		899CEDD028C0C5C5009B5394 /* PostModel.swift */ = {isa = PBXFileReference; lastKnownFileType = sourcecode.swift; path = PostModel.swift; sourceTree = "<group>"; };
		899CEDD328C0C602009B5394 /* PreviewProvider.swift */ = {isa = PBXFileReference; lastKnownFileType = sourcecode.swift; path = PreviewProvider.swift; sourceTree = "<group>"; };
		899CEDD628C0C636009B5394 /* HomeViewModel.swift */ = {isa = PBXFileReference; lastKnownFileType = sourcecode.swift; path = HomeViewModel.swift; sourceTree = "<group>"; };
		899CEDD928C0C7D8009B5394 /* PostDataService.swift */ = {isa = PBXFileReference; lastKnownFileType = sourcecode.swift; path = PostDataService.swift; sourceTree = "<group>"; };
		899CEDE028C0CB05009B5394 /* NetworkingManager.swift */ = {isa = PBXFileReference; lastKnownFileType = sourcecode.swift; path = NetworkingManager.swift; sourceTree = "<group>"; };
		899CEDE528C0CC9A009B5394 /* ImageView.swift */ = {isa = PBXFileReference; lastKnownFileType = sourcecode.swift; path = ImageView.swift; sourceTree = "<group>"; };
		899CEDE728C0CCBC009B5394 /* ImageViewModel.swift */ = {isa = PBXFileReference; lastKnownFileType = sourcecode.swift; path = ImageViewModel.swift; sourceTree = "<group>"; };
		899CEDE928C0CCDE009B5394 /* ImageService.swift */ = {isa = PBXFileReference; lastKnownFileType = sourcecode.swift; path = ImageService.swift; sourceTree = "<group>"; };
		899CEDEB28C0CF26009B5394 /* LocalFileManager.swift */ = {isa = PBXFileReference; lastKnownFileType = sourcecode.swift; path = LocalFileManager.swift; sourceTree = "<group>"; };
		899CEDF028C0D637009B5394 /* DetailViewModel.swift */ = {isa = PBXFileReference; lastKnownFileType = sourcecode.swift; path = DetailViewModel.swift; sourceTree = "<group>"; };
		899CEDF228C0D646009B5394 /* DetailView.swift */ = {isa = PBXFileReference; lastKnownFileType = sourcecode.swift; path = DetailView.swift; sourceTree = "<group>"; };
/* End PBXFileReference section */

/* Begin PBXFrameworksBuildPhase section */
		899CEDB228C0C232009B5394 /* Frameworks */ = {
			isa = PBXFrameworksBuildPhase;
			buildActionMask = 2147483647;
			files = (
			);
			runOnlyForDeploymentPostprocessing = 0;
		};
/* End PBXFrameworksBuildPhase section */

/* Begin PBXGroup section */
		899CEDAC28C0C232009B5394 = {
			isa = PBXGroup;
			children = (
				899CEDB728C0C232009B5394 /* KPhotoShareApp */,
				899CEDB628C0C232009B5394 /* Products */,
			);
			sourceTree = "<group>";
		};
		899CEDB628C0C232009B5394 /* Products */ = {
			isa = PBXGroup;
			children = (
				899CEDB528C0C232009B5394 /* KPhotoShareApp.app */,
			);
			name = Products;
			sourceTree = "<group>";
		};
		899CEDB728C0C232009B5394 /* KPhotoShareApp */ = {
			isa = PBXGroup;
			children = (
				899CEDDF28C0CAEF009B5394 /* Utilities */,
				899CEDD828C0C7C1009B5394 /* Services */,
				899CEDD228C0C5F0009B5394 /* Extensions */,
				899CEDC728C0C2F4009B5394 /* Models */,
				899CEDC628C0C2E0009B5394 /* Core */,
				899CEDB828C0C232009B5394 /* KPhotoShareAppApp.swift */,
				899CEDBA28C0C232009B5394 /* ContentView.swift */,
				899CEDBC28C0C235009B5394 /* Assets.xcassets */,
				899CEDBE28C0C235009B5394 /* Preview Content */,
			);
			path = KPhotoShareApp;
			sourceTree = "<group>";
		};
		899CEDBE28C0C235009B5394 /* Preview Content */ = {
			isa = PBXGroup;
			children = (
				899CEDBF28C0C235009B5394 /* Preview Assets.xcassets */,
			);
			path = "Preview Content";
			sourceTree = "<group>";
		};
		899CEDC628C0C2E0009B5394 /* Core */ = {
			isa = PBXGroup;
			children = (
				899CEDED28C0D614009B5394 /* PhotoDetails */,
				899CEDE228C0CC67009B5394 /* Photo */,
				899CEDC828C0C30A009B5394 /* Home */,
			);
			path = Core;
			sourceTree = "<group>";
		};
		899CEDC728C0C2F4009B5394 /* Models */ = {
			isa = PBXGroup;
			children = (
				899CEDD028C0C5C5009B5394 /* PostModel.swift */,
			);
			path = Models;
			sourceTree = "<group>";
		};
		899CEDC828C0C30A009B5394 /* Home */ = {
			isa = PBXGroup;
			children = (
				899CEDCA28C0C320009B5394 /* ViewModels */,
				899CEDC928C0C31A009B5394 /* Views */,
			);
			path = Home;
			sourceTree = "<group>";
		};
		899CEDC928C0C31A009B5394 /* Views */ = {
			isa = PBXGroup;
			children = (
				899CEDCB28C0C3EE009B5394 /* HomeView.swift */,
				899CEDCE28C0C520009B5394 /* PostGridView.swift */,
			);
			path = Views;
			sourceTree = "<group>";
		};
		899CEDCA28C0C320009B5394 /* ViewModels */ = {
			isa = PBXGroup;
			children = (
				899CEDD628C0C636009B5394 /* HomeViewModel.swift */,
			);
			path = ViewModels;
			sourceTree = "<group>";
		};
		899CEDD228C0C5F0009B5394 /* Extensions */ = {
			isa = PBXGroup;
			children = (
				899CEDD328C0C602009B5394 /* PreviewProvider.swift */,
			);
			path = Extensions;
			sourceTree = "<group>";
		};
		899CEDD828C0C7C1009B5394 /* Services */ = {
			isa = PBXGroup;
			children = (
				899CEDD928C0C7D8009B5394 /* PostDataService.swift */,
				899CEDE928C0CCDE009B5394 /* ImageService.swift */,
			);
			path = Services;
			sourceTree = "<group>";
		};
		899CEDDF28C0CAEF009B5394 /* Utilities */ = {
			isa = PBXGroup;
			children = (
				899CEDE028C0CB05009B5394 /* NetworkingManager.swift */,
				899CEDEB28C0CF26009B5394 /* LocalFileManager.swift */,
			);
			path = Utilities;
			sourceTree = "<group>";
		};
		899CEDE228C0CC67009B5394 /* Photo */ = {
			isa = PBXGroup;
			children = (
				899CEDE428C0CC75009B5394 /* ViewModels */,
				899CEDE328C0CC6F009B5394 /* View */,
			);
			path = Photo;
			sourceTree = "<group>";
		};
		899CEDE328C0CC6F009B5394 /* View */ = {
			isa = PBXGroup;
			children = (
				899CEDE528C0CC9A009B5394 /* ImageView.swift */,
			);
			path = View;
			sourceTree = "<group>";
		};
		899CEDE428C0CC75009B5394 /* ViewModels */ = {
			isa = PBXGroup;
			children = (
				899CEDE728C0CCBC009B5394 /* ImageViewModel.swift */,
			);
			path = ViewModels;
			sourceTree = "<group>";
		};
		899CEDED28C0D614009B5394 /* PhotoDetails */ = {
			isa = PBXGroup;
			children = (
				899CEDEF28C0D624009B5394 /* ViewModels */,
				899CEDEE28C0D61C009B5394 /* Views */,
			);
			path = PhotoDetails;
			sourceTree = "<group>";
		};
		899CEDEE28C0D61C009B5394 /* Views */ = {
			isa = PBXGroup;
			children = (
				899CEDF228C0D646009B5394 /* DetailView.swift */,
			);
			path = Views;
			sourceTree = "<group>";
		};
		899CEDEF28C0D624009B5394 /* ViewModels */ = {
			isa = PBXGroup;
			children = (
				899CEDF028C0D637009B5394 /* DetailViewModel.swift */,
			);
			path = ViewModels;
			sourceTree = "<group>";
		};
/* End PBXGroup section */

/* Begin PBXNativeTarget section */
		899CEDB428C0C232009B5394 /* KPhotoShareApp */ = {
			isa = PBXNativeTarget;
			buildConfigurationList = 899CEDC328C0C235009B5394 /* Build configuration list for PBXNativeTarget "KPhotoShareApp" */;
			buildPhases = (
				899CEDB128C0C232009B5394 /* Sources */,
				899CEDB228C0C232009B5394 /* Frameworks */,
				899CEDB328C0C232009B5394 /* Resources */,
			);
			buildRules = (
			);
			dependencies = (
			);
			name = KPhotoShareApp;
			productName = KPhotoShareApp;
			productReference = 899CEDB528C0C232009B5394 /* KPhotoShareApp.app */;
			productType = "com.apple.product-type.application";
		};
/* End PBXNativeTarget section */

/* Begin PBXProject section */
		899CEDAD28C0C232009B5394 /* Project object */ = {
			isa = PBXProject;
			attributes = {
				BuildIndependentTargetsInParallel = 1;
				LastSwiftUpdateCheck = 1320;
				LastUpgradeCheck = 1320;
				TargetAttributes = {
					899CEDB428C0C232009B5394 = {
						CreatedOnToolsVersion = 13.2.1;
					};
				};
			};
			buildConfigurationList = 899CEDB028C0C232009B5394 /* Build configuration list for PBXProject "KPhotoShareApp" */;
			compatibilityVersion = "Xcode 13.0";
			developmentRegion = en;
			hasScannedForEncodings = 0;
			knownRegions = (
				en,
				Base,
			);
			mainGroup = 899CEDAC28C0C232009B5394;
			productRefGroup = 899CEDB628C0C232009B5394 /* Products */;
			projectDirPath = "";
			projectRoot = "";
			targets = (
				899CEDB428C0C232009B5394 /* KPhotoShareApp */,
			);
		};
/* End PBXProject section */

/* Begin PBXResourcesBuildPhase section */
		899CEDB328C0C232009B5394 /* Resources */ = {
			isa = PBXResourcesBuildPhase;
			buildActionMask = 2147483647;
			files = (
				899CEDC028C0C235009B5394 /* Preview Assets.xcassets in Resources */,
				899CEDBD28C0C235009B5394 /* Assets.xcassets in Resources */,
			);
			runOnlyForDeploymentPostprocessing = 0;
		};
/* End PBXResourcesBuildPhase section */

/* Begin PBXSourcesBuildPhase section */
		899CEDB128C0C232009B5394 /* Sources */ = {
			isa = PBXSourcesBuildPhase;
			buildActionMask = 2147483647;
			files = (
				899CEDE628C0CC9A009B5394 /* ImageView.swift in Sources */,
				899CEDEC28C0CF26009B5394 /* LocalFileManager.swift in Sources */,
				899CEDCF28C0C520009B5394 /* PostGridView.swift in Sources */,
				899CEDDA28C0C7D8009B5394 /* PostDataService.swift in Sources */,
				899CEDD428C0C602009B5394 /* PreviewProvider.swift in Sources */,
				899CEDD728C0C636009B5394 /* HomeViewModel.swift in Sources */,
				899CEDEA28C0CCDE009B5394 /* ImageService.swift in Sources */,
				899CEDD128C0C5C5009B5394 /* PostModel.swift in Sources */,
				899CEDCC28C0C3EE009B5394 /* HomeView.swift in Sources */,
				899CEDF128C0D637009B5394 /* DetailViewModel.swift in Sources */,
				899CEDE128C0CB05009B5394 /* NetworkingManager.swift in Sources */,
				899CEDBB28C0C232009B5394 /* ContentView.swift in Sources */,
				899CEDE828C0CCBC009B5394 /* ImageViewModel.swift in Sources */,
				899CEDF328C0D646009B5394 /* DetailView.swift in Sources */,
				899CEDB928C0C232009B5394 /* KPhotoShareAppApp.swift in Sources */,
			);
			runOnlyForDeploymentPostprocessing = 0;
		};
/* End PBXSourcesBuildPhase section */

/* Begin XCBuildConfiguration section */
		899CEDC128C0C235009B5394 /* Debug */ = {
			isa = XCBuildConfiguration;
			buildSettings = {
				ALWAYS_SEARCH_USER_PATHS = NO;
				CLANG_ANALYZER_NONNULL = YES;
				CLANG_ANALYZER_NUMBER_OBJECT_CONVERSION = YES_AGGRESSIVE;
				CLANG_CXX_LANGUAGE_STANDARD = "gnu++17";
				CLANG_CXX_LIBRARY = "libc++";
				CLANG_ENABLE_MODULES = YES;
				CLANG_ENABLE_OBJC_ARC = YES;
				CLANG_ENABLE_OBJC_WEAK = YES;
				CLANG_WARN_BLOCK_CAPTURE_AUTORELEASING = YES;
				CLANG_WARN_BOOL_CONVERSION = YES;
				CLANG_WARN_COMMA = YES;
				CLANG_WARN_CONSTANT_CONVERSION = YES;
				CLANG_WARN_DEPRECATED_OBJC_IMPLEMENTATIONS = YES;
				CLANG_WARN_DIRECT_OBJC_ISA_USAGE = YES_ERROR;
				CLANG_WARN_DOCUMENTATION_COMMENTS = YES;
				CLANG_WARN_EMPTY_BODY = YES;
				CLANG_WARN_ENUM_CONVERSION = YES;
				CLANG_WARN_INFINITE_RECURSION = YES;
				CLANG_WARN_INT_CONVERSION = YES;
				CLANG_WARN_NON_LITERAL_NULL_CONVERSION = YES;
				CLANG_WARN_OBJC_IMPLICIT_RETAIN_SELF = YES;
				CLANG_WARN_OBJC_LITERAL_CONVERSION = YES;
				CLANG_WARN_OBJC_ROOT_CLASS = YES_ERROR;
				CLANG_WARN_QUOTED_INCLUDE_IN_FRAMEWORK_HEADER = YES;
				CLANG_WARN_RANGE_LOOP_ANALYSIS = YES;
				CLANG_WARN_STRICT_PROTOTYPES = YES;
				CLANG_WARN_SUSPICIOUS_MOVE = YES;
				CLANG_WARN_UNGUARDED_AVAILABILITY = YES_AGGRESSIVE;
				CLANG_WARN_UNREACHABLE_CODE = YES;
				CLANG_WARN__DUPLICATE_METHOD_MATCH = YES;
				COPY_PHASE_STRIP = NO;
				DEBUG_INFORMATION_FORMAT = dwarf;
				ENABLE_STRICT_OBJC_MSGSEND = YES;
				ENABLE_TESTABILITY = YES;
				GCC_C_LANGUAGE_STANDARD = gnu11;
				GCC_DYNAMIC_NO_PIC = NO;
				GCC_NO_COMMON_BLOCKS = YES;
				GCC_OPTIMIZATION_LEVEL = 0;
				GCC_PREPROCESSOR_DEFINITIONS = (
					"DEBUG=1",
					"$(inherited)",
				);
				GCC_WARN_64_TO_32_BIT_CONVERSION = YES;
				GCC_WARN_ABOUT_RETURN_TYPE = YES_ERROR;
				GCC_WARN_UNDECLARED_SELECTOR = YES;
				GCC_WARN_UNINITIALIZED_AUTOS = YES_AGGRESSIVE;
				GCC_WARN_UNUSED_FUNCTION = YES;
				GCC_WARN_UNUSED_VARIABLE = YES;
				IPHONEOS_DEPLOYMENT_TARGET = 15.2;
				MTL_ENABLE_DEBUG_INFO = INCLUDE_SOURCE;
				MTL_FAST_MATH = YES;
				ONLY_ACTIVE_ARCH = YES;
				SDKROOT = iphoneos;
				SWIFT_ACTIVE_COMPILATION_CONDITIONS = DEBUG;
				SWIFT_OPTIMIZATION_LEVEL = "-Onone";
			};
			name = Debug;
		};
		899CEDC228C0C235009B5394 /* Release */ = {
			isa = XCBuildConfiguration;
			buildSettings = {
				ALWAYS_SEARCH_USER_PATHS = NO;
				CLANG_ANALYZER_NONNULL = YES;
				CLANG_ANALYZER_NUMBER_OBJECT_CONVERSION = YES_AGGRESSIVE;
				CLANG_CXX_LANGUAGE_STANDARD = "gnu++17";
				CLANG_CXX_LIBRARY = "libc++";
				CLANG_ENABLE_MODULES = YES;
				CLANG_ENABLE_OBJC_ARC = YES;
				CLANG_ENABLE_OBJC_WEAK = YES;
				CLANG_WARN_BLOCK_CAPTURE_AUTORELEASING = YES;
				CLANG_WARN_BOOL_CONVERSION = YES;
				CLANG_WARN_COMMA = YES;
				CLANG_WARN_CONSTANT_CONVERSION = YES;
				CLANG_WARN_DEPRECATED_OBJC_IMPLEMENTATIONS = YES;
				CLANG_WARN_DIRECT_OBJC_ISA_USAGE = YES_ERROR;
				CLANG_WARN_DOCUMENTATION_COMMENTS = YES;
				CLANG_WARN_EMPTY_BODY = YES;
				CLANG_WARN_ENUM_CONVERSION = YES;
				CLANG_WARN_INFINITE_RECURSION = YES;
				CLANG_WARN_INT_CONVERSION = YES;
				CLANG_WARN_NON_LITERAL_NULL_CONVERSION = YES;
				CLANG_WARN_OBJC_IMPLICIT_RETAIN_SELF = YES;
				CLANG_WARN_OBJC_LITERAL_CONVERSION = YES;
				CLANG_WARN_OBJC_ROOT_CLASS = YES_ERROR;
				CLANG_WARN_QUOTED_INCLUDE_IN_FRAMEWORK_HEADER = YES;
				CLANG_WARN_RANGE_LOOP_ANALYSIS = YES;
				CLANG_WARN_STRICT_PROTOTYPES = YES;
				CLANG_WARN_SUSPICIOUS_MOVE = YES;
				CLANG_WARN_UNGUARDED_AVAILABILITY = YES_AGGRESSIVE;
				CLANG_WARN_UNREACHABLE_CODE = YES;
				CLANG_WARN__DUPLICATE_METHOD_MATCH = YES;
				COPY_PHASE_STRIP = NO;
				DEBUG_INFORMATION_FORMAT = "dwarf-with-dsym";
				ENABLE_NS_ASSERTIONS = NO;
				ENABLE_STRICT_OBJC_MSGSEND = YES;
				GCC_C_LANGUAGE_STANDARD = gnu11;
				GCC_NO_COMMON_BLOCKS = YES;
				GCC_WARN_64_TO_32_BIT_CONVERSION = YES;
				GCC_WARN_ABOUT_RETURN_TYPE = YES_ERROR;
				GCC_WARN_UNDECLARED_SELECTOR = YES;
				GCC_WARN_UNINITIALIZED_AUTOS = YES_AGGRESSIVE;
				GCC_WARN_UNUSED_FUNCTION = YES;
				GCC_WARN_UNUSED_VARIABLE = YES;
				IPHONEOS_DEPLOYMENT_TARGET = 15.2;
				MTL_ENABLE_DEBUG_INFO = NO;
				MTL_FAST_MATH = YES;
				SDKROOT = iphoneos;
				SWIFT_COMPILATION_MODE = wholemodule;
				SWIFT_OPTIMIZATION_LEVEL = "-O";
				VALIDATE_PRODUCT = YES;
			};
			name = Release;
		};
		899CEDC428C0C235009B5394 /* Debug */ = {
			isa = XCBuildConfiguration;
			buildSettings = {
				ASSETCATALOG_COMPILER_APPICON_NAME = AppIcon;
				ASSETCATALOG_COMPILER_GLOBAL_ACCENT_COLOR_NAME = AccentColor;
				CODE_SIGN_STYLE = Automatic;
				CURRENT_PROJECT_VERSION = 1;
				DEVELOPMENT_ASSET_PATHS = "\"KPhotoShareApp/Preview Content\"";
				ENABLE_PREVIEWS = YES;
				GENERATE_INFOPLIST_FILE = YES;
				INFOPLIST_KEY_UIApplicationSceneManifest_Generation = YES;
				INFOPLIST_KEY_UIApplicationSupportsIndirectInputEvents = YES;
				INFOPLIST_KEY_UILaunchScreen_Generation = YES;
				INFOPLIST_KEY_UISupportedInterfaceOrientations_iPad = "UIInterfaceOrientationPortrait UIInterfaceOrientationPortraitUpsideDown UIInterfaceOrientationLandscapeLeft UIInterfaceOrientationLandscapeRight";
				INFOPLIST_KEY_UISupportedInterfaceOrientations_iPhone = "UIInterfaceOrientationPortrait UIInterfaceOrientationLandscapeLeft UIInterfaceOrientationLandscapeRight";
				LD_RUNPATH_SEARCH_PATHS = (
					"$(inherited)",
					"@executable_path/Frameworks",
				);
				MARKETING_VERSION = 1.0;
				PRODUCT_BUNDLE_IDENTIFIER = mbayi.KPhotoShareApp;
				PRODUCT_NAME = "$(TARGET_NAME)";
				SWIFT_EMIT_LOC_STRINGS = YES;
				SWIFT_VERSION = 5.0;
				TARGETED_DEVICE_FAMILY = "1,2";
			};
			name = Debug;
		};
		899CEDC528C0C235009B5394 /* Release */ = {
			isa = XCBuildConfiguration;
			buildSettings = {
				ASSETCATALOG_COMPILER_APPICON_NAME = AppIcon;
				ASSETCATALOG_COMPILER_GLOBAL_ACCENT_COLOR_NAME = AccentColor;
				CODE_SIGN_STYLE = Automatic;
				CURRENT_PROJECT_VERSION = 1;
				DEVELOPMENT_ASSET_PATHS = "\"KPhotoShareApp/Preview Content\"";
				ENABLE_PREVIEWS = YES;
				GENERATE_INFOPLIST_FILE = YES;
				INFOPLIST_KEY_UIApplicationSceneManifest_Generation = YES;
				INFOPLIST_KEY_UIApplicationSupportsIndirectInputEvents = YES;
				INFOPLIST_KEY_UILaunchScreen_Generation = YES;
				INFOPLIST_KEY_UISupportedInterfaceOrientations_iPad = "UIInterfaceOrientationPortrait UIInterfaceOrientationPortraitUpsideDown UIInterfaceOrientationLandscapeLeft UIInterfaceOrientationLandscapeRight";
				INFOPLIST_KEY_UISupportedInterfaceOrientations_iPhone = "UIInterfaceOrientationPortrait UIInterfaceOrientationLandscapeLeft UIInterfaceOrientationLandscapeRight";
				LD_RUNPATH_SEARCH_PATHS = (
					"$(inherited)",
					"@executable_path/Frameworks",
				);
				MARKETING_VERSION = 1.0;
				PRODUCT_BUNDLE_IDENTIFIER = mbayi.KPhotoShareApp;
				PRODUCT_NAME = "$(TARGET_NAME)";
				SWIFT_EMIT_LOC_STRINGS = YES;
				SWIFT_VERSION = 5.0;
				TARGETED_DEVICE_FAMILY = "1,2";
			};
			name = Release;
		};
/* End XCBuildConfiguration section */

/* Begin XCConfigurationList section */
		899CEDB028C0C232009B5394 /* Build configuration list for PBXProject "KPhotoShareApp" */ = {
			isa = XCConfigurationList;
			buildConfigurations = (
				899CEDC128C0C235009B5394 /* Debug */,
				899CEDC228C0C235009B5394 /* Release */,
			);
			defaultConfigurationIsVisible = 0;
			defaultConfigurationName = Release;
		};
		899CEDC328C0C235009B5394 /* Build configuration list for PBXNativeTarget "KPhotoShareApp" */ = {
			isa = XCConfigurationList;
			buildConfigurations = (
				899CEDC428C0C235009B5394 /* Debug */,
				899CEDC528C0C235009B5394 /* Release */,
			);
			defaultConfigurationIsVisible = 0;
			defaultConfigurationName = Release;
		};
/* End XCConfigurationList section */
	};
	rootObject = 899CEDAD28C0C232009B5394 /* Project object */;
}
